
Microsoft Visual Studio Solution File, Format Version 12.00
# Visual Studio Version 17
VisualStudioVersion = 17.7.34202.233
MinimumVisualStudioVersion = 10.0.40219.1
Project("{FAE04EC0-301F-11D3-BF4B-00C04F79EFBC}") = "Skottår Kalkylator", "Skottår Kalkylator\Skottår Kalkylator.csproj", "{FE8C388F-61C6-4BDC-8182-677B26C0F840}"
EndProject
Project("{FAE04EC0-301F-11D3-BF4B-00C04F79EFBC}") = "Skottår Test", "Skottår Test\Skottår Test.csproj", "{7129149F-30E3-441B-98BC-F9D8D307C311}"
EndProject
Global
	GlobalSection(SolutionConfigurationPlatforms) = preSolution
		Debug|Any CPU = Debug|Any CPU
		Release|Any CPU = Release|Any CPU
	EndGlobalSection
	GlobalSection(ProjectConfigurationPlatforms) = postSolution
		{FE8C388F-61C6-4BDC-8182-677B26C0F840}.Debug|Any CPU.ActiveCfg = Debug|Any CPU
		{FE8C388F-61C6-4BDC-8182-677B26C0F840}.Debug|Any CPU.Build.0 = Debug|Any CPU
		{FE8C388F-61C6-4BDC-8182-677B26C0F840}.Release|Any CPU.ActiveCfg = Release|Any CPU
		{FE8C388F-61C6-4BDC-8182-677B26C0F840}.Release|Any CPU.Build.0 = Release|Any CPU
		{7129149F-30E3-441B-98BC-F9D8D307C311}.Debug|Any CPU.ActiveCfg = Debug|Any CPU
		{7129149F-30E3-441B-98BC-F9D8D307C311}.Debug|Any CPU.Build.0 = Debug|Any CPU
		{7129149F-30E3-441B-98BC-F9D8D307C311}.Release|Any CPU.ActiveCfg = Release|Any CPU
		{7129149F-30E3-441B-98BC-F9D8D307C311}.Release|Any CPU.Build.0 = Release|Any CPU
	EndGlobalSection
	GlobalSection(SolutionProperties) = preSolution
		HideSolutionNode = FALSE
	EndGlobalSection
	GlobalSection(ExtensibilityGlobals) = postSolution
		SolutionGuid = {1A7B5403-9807-48AD-8E4D-EDB1364FF71B}
	EndGlobalSection
EndGlobal
